
Microsoft Visual Studio Solution File, Format Version 12.00
# Visual Studio 2012
Project("{F2A71F9B-5D33-465A-A702-920D77279786}") = "FractalFun", "FractalFun\FractalFun.fsproj", "{1D84A8E8-4138-4737-91F5-A39F6C57312B}"
EndProject
Project("{2150E333-8FDC-42A3-9474-1A3956D46DE8}") = ".nuget", ".nuget", "{36EEAFC7-6FA1-4675-8BC6-EEC867719355}"
	ProjectSection(SolutionItems) = preProject
		.nuget\NuGet.Config = .nuget\NuGet.Config
		.nuget\NuGet.exe = .nuget\NuGet.exe
		.nuget\NuGet.targets = .nuget\NuGet.targets
	EndProjectSection
EndProject
Global
	GlobalSection(SolutionConfigurationPlatforms) = preSolution
		Debug|Any CPU = Debug|Any CPU
		Release|Any CPU = Release|Any CPU
	EndGlobalSection
	GlobalSection(ProjectConfigurationPlatforms) = postSolution
		{1D84A8E8-4138-4737-91F5-A39F6C57312B}.Debug|Any CPU.ActiveCfg = Debug|Any CPU
		{1D84A8E8-4138-4737-91F5-A39F6C57312B}.Debug|Any CPU.Build.0 = Debug|Any CPU
		{1D84A8E8-4138-4737-91F5-A39F6C57312B}.Release|Any CPU.ActiveCfg = Release|Any CPU
		{1D84A8E8-4138-4737-91F5-A39F6C57312B}.Release|Any CPU.Build.0 = Release|Any CPU
	EndGlobalSection
	GlobalSection(SolutionProperties) = preSolution
		HideSolutionNode = FALSE
	EndGlobalSection
EndGlobal
